
Microsoft Visual Studio Solution File, Format Version 12.00
# Visual Studio 15
VisualStudioVersion = 15.0.28307.852
MinimumVisualStudioVersion = 10.0.40219.1
Project("{FAE04EC0-301F-11D3-BF4B-00C04F79EFBC}") = "TDA-Pila", "TDA-Pila\TDA-Pila.csproj", "{5E9FFCF1-8FB2-4FEE-927B-4AC44D3950CF}"
EndProject
Project("{FAE04EC0-301F-11D3-BF4B-00C04F79EFBC}") = "TDA-Cola", "TDA-Cola\TDA-Cola.csproj", "{6A131572-2307-4C2A-87FB-E8F9A3E757E9}"
EndProject
Global
	GlobalSection(SolutionConfigurationPlatforms) = preSolution
		Debug|Any CPU = Debug|Any CPU
		Release|Any CPU = Release|Any CPU
	EndGlobalSection
	GlobalSection(ProjectConfigurationPlatforms) = postSolution
		{5E9FFCF1-8FB2-4FEE-927B-4AC44D3950CF}.Debug|Any CPU.ActiveCfg = Debug|Any CPU
		{5E9FFCF1-8FB2-4FEE-927B-4AC44D3950CF}.Debug|Any CPU.Build.0 = Debug|Any CPU
		{5E9FFCF1-8FB2-4FEE-927B-4AC44D3950CF}.Release|Any CPU.ActiveCfg = Release|Any CPU
		{5E9FFCF1-8FB2-4FEE-927B-4AC44D3950CF}.Release|Any CPU.Build.0 = Release|Any CPU
		{6A131572-2307-4C2A-87FB-E8F9A3E757E9}.Debug|Any CPU.ActiveCfg = Debug|Any CPU
		{6A131572-2307-4C2A-87FB-E8F9A3E757E9}.Debug|Any CPU.Build.0 = Debug|Any CPU
		{6A131572-2307-4C2A-87FB-E8F9A3E757E9}.Release|Any CPU.ActiveCfg = Release|Any CPU
		{6A131572-2307-4C2A-87FB-E8F9A3E757E9}.Release|Any CPU.Build.0 = Release|Any CPU
	EndGlobalSection
	GlobalSection(SolutionProperties) = preSolution
		HideSolutionNode = FALSE
	EndGlobalSection
	GlobalSection(ExtensibilityGlobals) = postSolution
		SolutionGuid = {E9A57194-E1DC-4390-9B5D-42D2E7C19F84}
	EndGlobalSection
EndGlobal
